
Microsoft Visual Studio Solution File, Format Version 12.00
# Visual Studio Version 16
VisualStudioVersion = 16.0.31205.134
MinimumVisualStudioVersion = 10.0.40219.1
Project("{888888A0-9F3D-457C-B088-3A5042F75D52}") = "ReplicationLog", "ReplicationLog.pyproj", "{99579D04-B5E1-4F69-9C27-5E037D5D1A51}"
EndProject
Project("{2150E333-8FDC-42A3-9474-1A3956D46DE8}") = "Solution Items", "Solution Items", "{7790A863-9AD8-4633-A02D-745CF64B92FC}"
EndProject
Global
	GlobalSection(SolutionConfigurationPlatforms) = preSolution
		Debug|Any CPU = Debug|Any CPU
		Release|Any CPU = Release|Any CPU
	EndGlobalSection
	GlobalSection(ProjectConfigurationPlatforms) = postSolution
		{99579D04-B5E1-4F69-9C27-5E037D5D1A51}.Debug|Any CPU.ActiveCfg = Debug|Any CPU
		{99579D04-B5E1-4F69-9C27-5E037D5D1A51}.Debug|Any CPU.Build.0 = Debug|Any CPU
		{99579D04-B5E1-4F69-9C27-5E037D5D1A51}.Release|Any CPU.ActiveCfg = Release|Any CPU
		{99579D04-B5E1-4F69-9C27-5E037D5D1A51}.Release|Any CPU.Build.0 = Release|Any CPU
	EndGlobalSection
	GlobalSection(SolutionProperties) = preSolution
		HideSolutionNode = FALSE
	EndGlobalSection
	GlobalSection(ExtensibilityGlobals) = postSolution
		SolutionGuid = {C8FE96FD-9E8E-472D-B003-346D2B94A4F2}
	EndGlobalSection
EndGlobal
